// !$*UTF8*$!
{
	archiveVersion = 1;
	classes = {
	};
	objectVersion = 46;
	objects = {

/* Begin PBXBuildFile section */
		14A5221C1CB63FB300F02B35 /* AppDelegate.swift in Sources */ = {isa = PBXBuildFile; fileRef = 14A5221B1CB63FB300F02B35 /* AppDelegate.swift */; };
		14A5221E1CB63FB300F02B35 /* ViewController.swift in Sources */ = {isa = PBXBuildFile; fileRef = 14A5221D1CB63FB300F02B35 /* ViewController.swift */; };
		14A522211CB63FB300F02B35 /* Main.storyboard in Resources */ = {isa = PBXBuildFile; fileRef = 14A5221F1CB63FB300F02B35 /* Main.storyboard */; };
		14A522231CB63FB300F02B35 /* Assets.xcassets in Resources */ = {isa = PBXBuildFile; fileRef = 14A522221CB63FB300F02B35 /* Assets.xcassets */; };
/* End PBXBuildFile section */

/* Begin PBXFileReference section */
		14A522181CB63FB300F02B35 /* TVMLtvOS.app */ = {isa = PBXFileReference; explicitFileType = wrapper.application; includeInIndex = 0; path = TVMLtvOS.app; sourceTree = BUILT_PRODUCTS_DIR; };
		14A5221B1CB63FB300F02B35 /* AppDelegate.swift */ = {isa = PBXFileReference; lastKnownFileType = sourcecode.swift; path = AppDelegate.swift; sourceTree = "<group>"; };
		14A5221D1CB63FB300F02B35 /* ViewController.swift */ = {isa = PBXFileReference; lastKnownFileType = sourcecode.swift; path = ViewController.swift; sourceTree = "<group>"; };
		14A522201CB63FB300F02B35 /* Base */ = {isa = PBXFileReference; lastKnownFileType = file.storyboard; name = Base; path = Base.lproj/Main.storyboard; sourceTree = "<group>"; };
		14A522221CB63FB300F02B35 /* Assets.xcassets */ = {isa = PBXFileReference; lastKnownFileType = folder.assetcatalog; path = Assets.xcassets; sourceTree = "<group>"; };
		14A522241CB63FB300F02B35 /* Info.plist */ = {isa = PBXFileReference; lastKnownFileType = text.plist.xml; path = Info.plist; sourceTree = "<group>"; };
/* End PBXFileReference section */

/* Begin PBXFrameworksBuildPhase section */
		14A522151CB63FB300F02B35 /* Frameworks */ = {
			isa = PBXFrameworksBuildPhase;
			buildActionMask = 2147483647;
			files = (
			);
			runOnlyForDeploymentPostprocessing = 0;
		};
/* End PBXFrameworksBuildPhase section */

/* Begin PBXGroup section */
		14A5220F1CB63FB300F02B35 = {
			isa = PBXGroup;
			children = (
				14A5221A1CB63FB300F02B35 /* TVMLtvOS */,
				14A522191CB63FB300F02B35 /* Products */,
			);
			sourceTree = "<group>";
		};
		14A522191CB63FB300F02B35 /* Products */ = {
			isa = PBXGroup;
			children = (
				14A522181CB63FB300F02B35 /* TVMLtvOS.app */,
			);
			name = Products;
			sourceTree = "<group>";
		};
		14A5221A1CB63FB300F02B35 /* TVMLtvOS */ = {
			isa = PBXGroup;
			children = (
				14A5221B1CB63FB300F02B35 /* AppDelegate.swift */,
				14A5221D1CB63FB300F02B35 /* ViewController.swift */,
				14A5221F1CB63FB300F02B35 /* Main.storyboard */,
				14A522221CB63FB300F02B35 /* Assets.xcassets */,
				14A522241CB63FB300F02B35 /* Info.plist */,
			);
			path = TVMLtvOS;
			sourceTree = "<group>";
		};
/* End PBXGroup section */

/* Begin PBXNativeTarget section */
		14A522171CB63FB300F02B35 /* TVMLtvOS */ = {
			isa = PBXNativeTarget;
			buildConfigurationList = 14A522271CB63FB300F02B35 /* Build configuration list for PBXNativeTarget "TVMLtvOS" */;
			buildPhases = (
				14A522141CB63FB300F02B35 /* Sources */,
				14A522151CB63FB300F02B35 /* Frameworks */,
				14A522161CB63FB300F02B35 /* Resources */,
			);
			buildRules = (
			);
			dependencies = (
			);
			name = TVMLtvOS;
			productName = TVMLtvOS;
			productReference = 14A522181CB63FB300F02B35 /* TVMLtvOS.app */;
			productType = "com.apple.product-type.application";
		};
/* End PBXNativeTarget section */

/* Begin PBXProject section */
		14A522101CB63FB300F02B35 /* Project object */ = {
			isa = PBXProject;
			attributes = {
				LastSwiftUpdateCheck = 0720;
				LastUpgradeCheck = 0720;
				ORGANIZATIONNAME = yuenvshen;
				TargetAttributes = {
					14A522171CB63FB300F02B35 = {
						CreatedOnToolsVersion = 7.2;
					};
				};
			};
			buildConfigurationList = 14A522131CB63FB300F02B35 /* Build configuration list for PBXProject "TVMLtvOS" */;
			compatibilityVersion = "Xcode 3.2";
			developmentRegion = English;
			hasScannedForEncodings = 0;
			knownRegions = (
				en,
				Base,
			);
			mainGroup = 14A5220F1CB63FB300F02B35;
			productRefGroup = 14A522191CB63FB300F02B35 /* Products */;
			projectDirPath = "";
			projectRoot = "";
			targets = (
				14A522171CB63FB300F02B35 /* TVMLtvOS */,
			);
		};
/* End PBXProject section */

/* Begin PBXResourcesBuildPhase section */
		14A522161CB63FB300F02B35 /* Resources */ = {
			isa = PBXResourcesBuildPhase;
			buildActionMask = 2147483647;
			files = (
				14A522231CB63FB300F02B35 /* Assets.xcassets in Resources */,
				14A522211CB63FB300F02B35 /* Main.storyboard in Resources */,
			);
			runOnlyForDeploymentPostprocessing = 0;
		};
/* End PBXResourcesBuildPhase section */

/* Begin PBXSourcesBuildPhase section */
		14A522141CB63FB300F02B35 /* Sources */ = {
			isa = PBXSourcesBuildPhase;
			buildActionMask = 2147483647;
			files = (
				14A5221E1CB63FB300F02B35 /* ViewController.swift in Sources */,
				14A5221C1CB63FB300F02B35 /* AppDelegate.swift in Sources */,
			);
			runOnlyForDeploymentPostprocessing = 0;
		};
/* End PBXSourcesBuildPhase section */

/* Begin PBXVariantGroup section */
		14A5221F1CB63FB300F02B35 /* Main.storyboard */ = {
			isa = PBXVariantGroup;
			children = (
				14A522201CB63FB300F02B35 /* Base */,
			);
			name = Main.storyboard;
			sourceTree = "<group>";
		};
/* End PBXVariantGroup section */

/* Begin XCBuildConfiguration section */
		14A522251CB63FB300F02B35 /* Debug */ = {
			isa = XCBuildConfiguration;
			buildSettings = {
				ALWAYS_SEARCH_USER_PATHS = NO;
				CLANG_CXX_LANGUAGE_STANDARD = "gnu++0x";
				CLANG_CXX_LIBRARY = "libc++";
				CLANG_ENABLE_MODULES = YES;
				CLANG_ENABLE_OBJC_ARC = YES;
				CLANG_WARN_BOOL_CONVERSION = YES;
				CLANG_WARN_CONSTANT_CONVERSION = YES;
				CLANG_WARN_DIRECT_OBJC_ISA_USAGE = YES_ERROR;
				CLANG_WARN_EMPTY_BODY = YES;
				CLANG_WARN_ENUM_CONVERSION = YES;
				CLANG_WARN_INT_CONVERSION = YES;
				CLANG_WARN_OBJC_ROOT_CLASS = YES_ERROR;
				CLANG_WARN_UNREACHABLE_CODE = YES;
				CLANG_WARN__DUPLICATE_METHOD_MATCH = YES;
				COPY_PHASE_STRIP = NO;
				DEBUG_INFORMATION_FORMAT = dwarf;
				ENABLE_STRICT_OBJC_MSGSEND = YES;
				ENABLE_TESTABILITY = YES;
				GCC_C_LANGUAGE_STANDARD = gnu99;
				GCC_DYNAMIC_NO_PIC = NO;
				GCC_NO_COMMON_BLOCKS = YES;
				GCC_OPTIMIZATION_LEVEL = 0;
				GCC_PREPROCESSOR_DEFINITIONS = (
					"DEBUG=1",
					"$(inherited)",
				);
				GCC_WARN_64_TO_32_BIT_CONVERSION = YES;
				GCC_WARN_ABOUT_RETURN_TYPE = YES_ERROR;
				GCC_WARN_UNDECLARED_SELECTOR = YES;
				GCC_WARN_UNINITIALIZED_AUTOS = YES_AGGRESSIVE;
				GCC_WARN_UNUSED_FUNCTION = YES;
				GCC_WARN_UNUSED_VARIABLE = YES;
				MTL_ENABLE_DEBUG_INFO = YES;
				ONLY_ACTIVE_ARCH = YES;
				SDKROOT = appletvos;
				SWIFT_OPTIMIZATION_LEVEL = "-Onone";
				TARGETED_DEVICE_FAMILY = 3;
				TVOS_DEPLOYMENT_TARGET = 9.1;
			};
			name = Debug;
		};
		14A522261CB63FB300F02B35 /* Release */ = {
			isa = XCBuildConfiguration;
			buildSettings = {
				ALWAYS_SEARCH_USER_PATHS = NO;
				CLANG_CXX_LANGUAGE_STANDARD = "gnu++0x";
				CLANG_CXX_LIBRARY = "libc++";
				CLANG_ENABLE_MODULES = YES;
				CLANG_ENABLE_OBJC_ARC = YES;
				CLANG_WARN_BOOL_CONVERSION = YES;
				CLANG_WARN_CONSTANT_CONVERSION = YES;
				CLANG_WARN_DIRECT_OBJC_ISA_USAGE = YES_ERROR;
				CLANG_WARN_EMPTY_BODY = YES;
				CLANG_WARN_ENUM_CONVERSION = YES;
				CLANG_WARN_INT_CONVERSION = YES;
				CLANG_WARN_OBJC_ROOT_CLASS = YES_ERROR;
				CLANG_WARN_UNREACHABLE_CODE = YES;
				CLANG_WARN__DUPLICATE_METHOD_MATCH = YES;
				COPY_PHASE_STRIP = NO;
				DEBUG_INFORMATION_FORMAT = "dwarf-with-dsym";
				ENABLE_NS_ASSERTIONS = NO;
				ENABLE_STRICT_OBJC_MSGSEND = YES;
				GCC_C_LANGUAGE_STANDARD = gnu99;
				GCC_NO_COMMON_BLOCKS = YES;
				GCC_WARN_64_TO_32_BIT_CONVERSION = YES;
				GCC_WARN_ABOUT_RETURN_TYPE = YES_ERROR;
				GCC_WARN_UNDECLARED_SELECTOR = YES;
				GCC_WARN_UNINITIALIZED_AUTOS = YES_AGGRESSIVE;
				GCC_WARN_UNUSED_FUNCTION = YES;
				GCC_WARN_UNUSED_VARIABLE = YES;
				MTL_ENABLE_DEBUG_INFO = NO;
				SDKROOT = appletvos;
				TARGETED_DEVICE_FAMILY = 3;
				TVOS_DEPLOYMENT_TARGET = 9.1;
				VALIDATE_PRODUCT = YES;
			};
			name = Release;
		};
		14A522281CB63FB300F02B35 /* Debug */ = {
			isa = XCBuildConfiguration;
			buildSettings = {
				ASSETCATALOG_COMPILER_APPICON_NAME = "App Icon & Top Shelf Image";
				ASSETCATALOG_COMPILER_LAUNCHIMAGE_NAME = LaunchImage;
				INFOPLIST_FILE = TVMLtvOS/Info.plist;
				LD_RUNPATH_SEARCH_PATHS = "$(inherited) @executable_path/Frameworks";
				PRODUCT_BUNDLE_IDENTIFIER = com.yuenvshen.TVMLtvOS;
				PRODUCT_NAME = "$(TARGET_NAME)";
				TVOS_DEPLOYMENT_TARGET = 9.0;
			};
			name = Debug;
		};
		14A522291CB63FB300F02B35 /* Release */ = {
			isa = XCBuildConfiguration;
			buildSettings = {
				ASSETCATALOG_COMPILER_APPICON_NAME = "App Icon & Top Shelf Image";
				ASSETCATALOG_COMPILER_LAUNCHIMAGE_NAME = LaunchImage;
				INFOPLIST_FILE = TVMLtvOS/Info.plist;
				LD_RUNPATH_SEARCH_PATHS = "$(inherited) @executable_path/Frameworks";
				PRODUCT_BUNDLE_IDENTIFIER = com.yuenvshen.TVMLtvOS;
				PRODUCT_NAME = "$(TARGET_NAME)";
				TVOS_DEPLOYMENT_TARGET = 9.0;
			};
			name = Release;
		};
/* End XCBuildConfiguration section */

/* Begin XCConfigurationList section */
		14A522131CB63FB300F02B35 /* Build configuration list for PBXProject "TVMLtvOS" */ = {
			isa = XCConfigurationList;
			buildConfigurations = (
				14A522251CB63FB300F02B35 /* Debug */,
				14A522261CB63FB300F02B35 /* Release */,
			);
			defaultConfigurationIsVisible = 0;
			defaultConfigurationName = Release;
		};
		14A522271CB63FB300F02B35 /* Build configuration list for PBXNativeTarget "TVMLtvOS" */ = {
			isa = XCConfigurationList;
			buildConfigurations = (
				14A522281CB63FB300F02B35 /* Debug */,
				14A522291CB63FB300F02B35 /* Release */,
			);
			defaultConfigurationIsVisible = 0;
		};
/* End XCConfigurationList section */
	};
	rootObject = 14A522101CB63FB300F02B35 /* Project object */;
}
